<?xml version="1.0" encoding="utf-8"?>
<Project ToolsVersion="4.0" xmlns="http://schemas.microsoft.com/developer/msbuild/2003">
  <ItemGroup>
    <Filter Include="Quelldateien">
      <UniqueIdentifier>{4FC737F1-C7A5-4376-A066-2A32D752A2FF}</UniqueIdentifier>
      <Extensions>cpp;c;cc;cxx;c++;cppm;ixx;def;odl;idl;hpj;bat;asm;asmx</Extensions>
    </Filter>
    <Filter Include="Headerdateien">
      <UniqueIdentifier>{93995380-89BD-4b04-88EB-625FBE52EBFB}</UniqueIdentifier>
      <Extensions>h;hh;hpp;hxx;h++;hm;inl;inc;ipp;xsd</Extensions>
    </Filter>
    <Filter Include="Ressourcendateien">
      <UniqueIdentifier>{67DA6AB6-F800-4c08-8B7A-83BB121AAD01}</UniqueIdentifier>
      <Extensions>rc;ico;cur;bmp;dlg;rc2;rct;bin;rgs;gif;jpg;jpeg;jpe;resx;tiff;tif;png;wav;mfcribbon-ms</Extensions>
    </Filter>
  </ItemGroup>
  <ItemGroup>
    <ClCompile Include="HyperionDumper.cpp">
      <Filter>Quelldateien</Filter>
    </ClCompile>
    <ClCompile Include="Memory\Mem.cpp">
      <Filter>Quelldateien</Filter>
    </ClCompile>
    <ClCompile Include="Disasm\dis.cpp">
      <Filter>Quelldateien</Filter>
    </ClCompile>
  </ItemGroup>
  <ItemGroup>
    <ClInclude Include="Memory\Mem.hpp">
      <Filter>Headerdateien</Filter>
    </ClInclude>
    <ClInclude Include="Disasm\dis.hpp">
      <Filter>Headerdateien</Filter>
    </ClInclude>
    <ClInclude Include="Log.h">
      <Filter>Headerdateien</Filter>
    </ClInclude>
    <ClInclude Include="Dependencies\Zycore\API\Memory.h">
      <Filter>Headerdateien</Filter>
    </ClInclude>
    <ClInclude Include="Dependencies\Zycore\API\Process.h">
      <Filter>Headerdateien</Filter>
    </ClInclude>
    <ClInclude Include="Dependencies\Zycore\API\Synchronization.h">
      <Filter>Headerdateien</Filter>
    </ClInclude>
    <ClInclude Include="Dependencies\Zycore\API\Terminal.h">
      <Filter>Headerdateien</Filter>
    </ClInclude>
    <ClInclude Include="Dependencies\Zycore\API\Thread.h">
      <Filter>Headerdateien</Filter>
    </ClInclude>
    <ClInclude Include="Dependencies\Zycore\Internal\AtomicGNU.h">
      <Filter>Headerdateien</Filter>
    </ClInclude>
    <ClInclude Include="Dependencies\Zycore\Internal\AtomicMSVC.h">
      <Filter>Headerdateien</Filter>
    </ClInclude>
    <ClInclude Include="Dependencies\Zycore\Allocator.h">
      <Filter>Headerdateien</Filter>
    </ClInclude>
    <ClInclude Include="Dependencies\Zycore\ArgParse.h">
      <Filter>Headerdateien</Filter>
    </ClInclude>
    <ClInclude Include="Dependencies\Zycore\Atomic.h">
      <Filter>Headerdateien</Filter>
    </ClInclude>
    <ClInclude Include="Dependencies\Zycore\Bitset.h">
      <Filter>Headerdateien</Filter>
    </ClInclude>
    <ClInclude Include="Dependencies\Zycore\Comparison.h">
      <Filter>Headerdateien</Filter>
    </ClInclude>
    <ClInclude Include="Dependencies\Zycore\Defines.h">
      <Filter>Headerdateien</Filter>
    </ClInclude>
    <ClInclude Include="Dependencies\Zycore\Format.h">
      <Filter>Headerdateien</Filter>
    </ClInclude>
    <ClInclude Include="Dependencies\Zycore\LibC.h">
      <Filter>Headerdateien</Filter>
    </ClInclude>
    <ClInclude Include="Dependencies\Zycore\List.h">
      <Filter>Headerdateien</Filter>
    </ClInclude>
    <ClInclude Include="Dependencies\Zycore\Object.h">
      <Filter>Headerdateien</Filter>
    </ClInclude>
    <ClInclude Include="Dependencies\Zycore\Status.h">
      <Filter>Headerdateien</Filter>
    </ClInclude>
    <ClInclude Include="Dependencies\Zycore\String.h">
      <Filter>Headerdateien</Filter>
    </ClInclude>
    <ClInclude Include="Dependencies\Zycore\Types.h">
      <Filter>Headerdateien</Filter>
    </ClInclude>
    <ClInclude Include="Dependencies\Zycore\Vector.h">
      <Filter>Headerdateien</Filter>
    </ClInclude>
    <ClInclude Include="Dependencies\Zycore\Zycore.h">
      <Filter>Headerdateien</Filter>
    </ClInclude>
    <ClInclude Include="Dependencies\Zydis\Generated\EnumInstructionCategory.h">
      <Filter>Headerdateien</Filter>
    </ClInclude>
    <ClInclude Include="Dependencies\Zydis\Generated\EnumISAExt.h">
      <Filter>Headerdateien</Filter>
    </ClInclude>
    <ClInclude Include="Dependencies\Zydis\Generated\EnumISASet.h">
      <Filter>Headerdateien</Filter>
    </ClInclude>
    <ClInclude Include="Dependencies\Zydis\Generated\EnumMnemonic.h">
      <Filter>Headerdateien</Filter>
    </ClInclude>
    <ClInclude Include="Dependencies\Zydis\Generated\EnumRegister.h">
      <Filter>Headerdateien</Filter>
    </ClInclude>
    <ClInclude Include="Dependencies\Zydis\Internal\DecoderData.h">
      <Filter>Headerdateien</Filter>
    </ClInclude>
    <ClInclude Include="Dependencies\Zydis\Internal\EncoderData.h">
      <Filter>Headerdateien</Filter>
    </ClInclude>
    <ClInclude Include="Dependencies\Zydis\Internal\FormatterATT.h">
      <Filter>Headerdateien</Filter>
    </ClInclude>
    <ClInclude Include="Dependencies\Zydis\Internal\FormatterBase.h">
      <Filter>Headerdateien</Filter>
    </ClInclude>
    <ClInclude Include="Dependencies\Zydis\Internal\FormatterIntel.h">
      <Filter>Headerdateien</Filter>
    </ClInclude>
    <ClInclude Include="Dependencies\Zydis\Internal\SharedData.h">
      <Filter>Headerdateien</Filter>
    </ClInclude>
    <ClInclude Include="Dependencies\Zydis\Internal\String.h">
      <Filter>Headerdateien</Filter>
    </ClInclude>
    <ClInclude Include="Dependencies\Zydis\Decoder.h">
      <Filter>Headerdateien</Filter>
    </ClInclude>
    <ClInclude Include="Dependencies\Zydis\DecoderTypes.h">
      <Filter>Headerdateien</Filter>
    </ClInclude>
    <ClInclude Include="Dependencies\Zydis\Defines.h">
      <Filter>Headerdateien</Filter>
    </ClInclude>
    <ClInclude Include="Dependencies\Zydis\Disassembler.h">
      <Filter>Headerdateien</Filter>
    </ClInclude>
    <ClInclude Include="Dependencies\Zydis\Encoder.h">
      <Filter>Headerdateien</Filter>
    </ClInclude>
    <ClInclude Include="Dependencies\Zydis\Formatter.h">
      <Filter>Headerdateien</Filter>
    </ClInclude>
    <ClInclude Include="Dependencies\Zydis\FormatterBuffer.h">
      <Filter>Headerdateien</Filter>
    </ClInclude>
    <ClInclude Include="Dependencies\Zydis\MetaInfo.h">
      <Filter>Headerdateien</Filter>
    </ClInclude>
    <ClInclude Include="Dependencies\Zydis\Mnemonic.h">
      <Filter>Headerdateien</Filter>
    </ClInclude>
    <ClInclude Include="Dependencies\Zydis\Register.h">
      <Filter>Headerdateien</Filter>
    </ClInclude>
    <ClInclude Include="Dependencies\Zydis\Segment.h">
      <Filter>Headerdateien</Filter>
    </ClInclude>
    <ClInclude Include="Dependencies\Zydis\SharedTypes.h">
      <Filter>Headerdateien</Filter>
    </ClInclude>
    <ClInclude Include="Dependencies\Zydis\ShortString.h">
      <Filter>Headerdateien</Filter>
    </ClInclude>
    <ClInclude Include="Dependencies\Zydis\Status.h">
      <Filter>Headerdateien</Filter>
    </ClInclude>
    <ClInclude Include="Dependencies\Zydis\Utils.h">
      <Filter>Headerdateien</Filter>
    </ClInclude>
    <ClInclude Include="Dependencies\Zydis\Zydis.h">
      <Filter>Headerdateien</Filter>
    </ClInclude>
  </ItemGroup>
</Project>